
Microsoft Visual Studio Solution File, Format Version 12.00
# Visual Studio Version 16
VisualStudioVersion = 16.0.31105.61
MinimumVisualStudioVersion = 10.0.40219.1
Project("{FAE04EC0-301F-11D3-BF4B-00C04F79EFBC}") = "BatteryDrawer", "BatteryDrawer.csproj", "{32E7A799-0B6E-43EB-90E1-E6A7675909E3}"
EndProject
Global
	GlobalSection(SolutionConfigurationPlatforms) = preSolution
		Debug|Any CPU = Debug|Any CPU
		Release|Any CPU = Release|Any CPU
	EndGlobalSection
	GlobalSection(ProjectConfigurationPlatforms) = postSolution
		{32E7A799-0B6E-43EB-90E1-E6A7675909E3}.Debug|Any CPU.ActiveCfg = Debug|Any CPU
		{32E7A799-0B6E-43EB-90E1-E6A7675909E3}.Debug|Any CPU.Build.0 = Debug|Any CPU
		{32E7A799-0B6E-43EB-90E1-E6A7675909E3}.Release|Any CPU.ActiveCfg = Release|Any CPU
		{32E7A799-0B6E-43EB-90E1-E6A7675909E3}.Release|Any CPU.Build.0 = Release|Any CPU
	EndGlobalSection
	GlobalSection(SolutionProperties) = preSolution
		HideSolutionNode = FALSE
	EndGlobalSection
	GlobalSection(ExtensibilityGlobals) = postSolution
		SolutionGuid = {FC174255-8F6A-4E29-8BC5-45C8BA7C2D4E}
	EndGlobalSection
EndGlobal
