
Microsoft Visual Studio Solution File, Format Version 12.00
# Visual Studio Version 16
VisualStudioVersion = 16.0.29201.188
MinimumVisualStudioVersion = 10.0.40219.1
Project("{FAE04EC0-301F-11D3-BF4B-00C04F79EFBC}") = "SCNatwestDecisionMaker", "SCNatwestDecisionMaker.csproj", "{23140103-78B0-4646-9D9C-7D4F3F02BC8E}"
EndProject
Global
	GlobalSection(SolutionConfigurationPlatforms) = preSolution
		Debug|Any CPU = Debug|Any CPU
		Release|Any CPU = Release|Any CPU
	EndGlobalSection
	GlobalSection(ProjectConfigurationPlatforms) = postSolution
		{23140103-78B0-4646-9D9C-7D4F3F02BC8E}.Debug|Any CPU.ActiveCfg = Debug|Any CPU
		{23140103-78B0-4646-9D9C-7D4F3F02BC8E}.Debug|Any CPU.Build.0 = Debug|Any CPU
		{23140103-78B0-4646-9D9C-7D4F3F02BC8E}.Release|Any CPU.ActiveCfg = Release|Any CPU
		{23140103-78B0-4646-9D9C-7D4F3F02BC8E}.Release|Any CPU.Build.0 = Release|Any CPU
	EndGlobalSection
	GlobalSection(SolutionProperties) = preSolution
		HideSolutionNode = FALSE
	EndGlobalSection
	GlobalSection(ExtensibilityGlobals) = postSolution
		SolutionGuid = {0B7271F3-58A5-4F15-B7D8-CF96F150A281}
	EndGlobalSection
EndGlobal
