
Microsoft Visual Studio Solution File, Format Version 12.00
# Visual Studio Version 17
VisualStudioVersion = 17.1.32228.430
MinimumVisualStudioVersion = 10.0.40219.1
Project("{9A19103F-16F7-4668-BE54-9A1E7A4F7556}") = "DiffieHellmanRaw", "DiffieHellmanRaw.csproj", "{6FA3E38B-9F17-4B01-9347-2D694FE988F7}"
EndProject
Project("{2150E333-8FDC-42A3-9474-1A3956D46DE8}") = "Solution Items", "Solution Items", "{4BE1BF9A-1246-4162-BE19-95E4ED9BF9CC}"
	ProjectSection(SolutionItems) = preProject
		.editorconfig = .editorconfig
	EndProjectSection
EndProject
Global
	GlobalSection(SolutionConfigurationPlatforms) = preSolution
		Debug|Any CPU = Debug|Any CPU
		Release|Any CPU = Release|Any CPU
	EndGlobalSection
	GlobalSection(ProjectConfigurationPlatforms) = postSolution
		{6FA3E38B-9F17-4B01-9347-2D694FE988F7}.Debug|Any CPU.ActiveCfg = Debug|Any CPU
		{6FA3E38B-9F17-4B01-9347-2D694FE988F7}.Debug|Any CPU.Build.0 = Debug|Any CPU
		{6FA3E38B-9F17-4B01-9347-2D694FE988F7}.Release|Any CPU.ActiveCfg = Release|Any CPU
		{6FA3E38B-9F17-4B01-9347-2D694FE988F7}.Release|Any CPU.Build.0 = Release|Any CPU
	EndGlobalSection
	GlobalSection(SolutionProperties) = preSolution
		HideSolutionNode = FALSE
	EndGlobalSection
	GlobalSection(ExtensibilityGlobals) = postSolution
		SolutionGuid = {56ABADEA-1731-4BDC-BC16-372A227D151C}
	EndGlobalSection
EndGlobal
