
Microsoft Visual Studio Solution File, Format Version 12.00
# Visual Studio Version 17
VisualStudioVersion = 17.2.32519.379
MinimumVisualStudioVersion = 10.0.40219.1
Project("{FAE04EC0-301F-11D3-BF4B-00C04F79EFBC}") = "ObjectMapperApp", "ObjectMapperApp.csproj", "{1AF0692E-558D-495F-9EB2-8C7ABEE30F0E}"
EndProject
Global
	GlobalSection(SolutionConfigurationPlatforms) = preSolution
		Debug|Any CPU = Debug|Any CPU
		Release|Any CPU = Release|Any CPU
	EndGlobalSection
	GlobalSection(ProjectConfigurationPlatforms) = postSolution
		{1AF0692E-558D-495F-9EB2-8C7ABEE30F0E}.Debug|Any CPU.ActiveCfg = Debug|Any CPU
		{1AF0692E-558D-495F-9EB2-8C7ABEE30F0E}.Debug|Any CPU.Build.0 = Debug|Any CPU
		{1AF0692E-558D-495F-9EB2-8C7ABEE30F0E}.Release|Any CPU.ActiveCfg = Release|Any CPU
		{1AF0692E-558D-495F-9EB2-8C7ABEE30F0E}.Release|Any CPU.Build.0 = Release|Any CPU
	EndGlobalSection
	GlobalSection(SolutionProperties) = preSolution
		HideSolutionNode = FALSE
	EndGlobalSection
	GlobalSection(ExtensibilityGlobals) = postSolution
		SolutionGuid = {562603F5-969A-4664-A13C-1F1EB3F25270}
	EndGlobalSection
EndGlobal
