
Microsoft Visual Studio Solution File, Format Version 12.00
# Visual Studio Version 17
VisualStudioVersion = 17.1.32228.430
MinimumVisualStudioVersion = 10.0.40219.1
Project("{FAE04EC0-301F-11D3-BF4B-00C04F79EFBC}") = "EntityTest", "EntityTest.csproj", "{E65725DB-B60E-4F4E-B6DD-33301E970CE1}"
EndProject
Global
	GlobalSection(SolutionConfigurationPlatforms) = preSolution
		Debug|Any CPU = Debug|Any CPU
		Release|Any CPU = Release|Any CPU
	EndGlobalSection
	GlobalSection(ProjectConfigurationPlatforms) = postSolution
		{E65725DB-B60E-4F4E-B6DD-33301E970CE1}.Debug|Any CPU.ActiveCfg = Debug|Any CPU
		{E65725DB-B60E-4F4E-B6DD-33301E970CE1}.Debug|Any CPU.Build.0 = Debug|Any CPU
		{E65725DB-B60E-4F4E-B6DD-33301E970CE1}.Release|Any CPU.ActiveCfg = Release|Any CPU
		{E65725DB-B60E-4F4E-B6DD-33301E970CE1}.Release|Any CPU.Build.0 = Release|Any CPU
	EndGlobalSection
	GlobalSection(SolutionProperties) = preSolution
		HideSolutionNode = FALSE
	EndGlobalSection
	GlobalSection(ExtensibilityGlobals) = postSolution
		SolutionGuid = {3A926B3C-202F-4EDF-9C22-D8370AF21C8D}
	EndGlobalSection
EndGlobal
